
Microsoft Visual Studio Solution File, Format Version 12.00
# Visual Studio Version 17
VisualStudioVersion = 17.14.36603.0 d17.14
MinimumVisualStudioVersion = 10.0.40219.1
Project("{FAE04EC0-301F-11D3-BF4B-00C04F79EFBC}") = "lab11_ISRPO", "lab11_ISRPO.csproj", "{781FB1C3-966F-470D-8EF6-3A123BE67069}"
EndProject
Global
	GlobalSection(SolutionConfigurationPlatforms) = preSolution
		Debug|Any CPU = Debug|Any CPU
		Release|Any CPU = Release|Any CPU
	EndGlobalSection
	GlobalSection(ProjectConfigurationPlatforms) = postSolution
		{781FB1C3-966F-470D-8EF6-3A123BE67069}.Debug|Any CPU.ActiveCfg = Debug|Any CPU
		{781FB1C3-966F-470D-8EF6-3A123BE67069}.Debug|Any CPU.Build.0 = Debug|Any CPU
		{781FB1C3-966F-470D-8EF6-3A123BE67069}.Release|Any CPU.ActiveCfg = Release|Any CPU
		{781FB1C3-966F-470D-8EF6-3A123BE67069}.Release|Any CPU.Build.0 = Release|Any CPU
	EndGlobalSection
	GlobalSection(SolutionProperties) = preSolution
		HideSolutionNode = FALSE
	EndGlobalSection
	GlobalSection(ExtensibilityGlobals) = postSolution
		SolutionGuid = {C5076962-D53A-423D-9263-94CD43DE26BB}
	EndGlobalSection
EndGlobal
